
Microsoft Visual Studio Solution File, Format Version 12.00
# Visual Studio Version 17
VisualStudioVersion = 17.10.35122.118
MinimumVisualStudioVersion = 10.0.40219.1
Project("{8BC9CEB8-8B4A-11D0-8D11-00A0C91BC942}") = "HELMO-B2", "HELMO-B2.vcxproj", "{99646C4C-96A6-45C4-99BB-A99DB1E6E06C}"
EndProject
Global
	GlobalSection(SolutionConfigurationPlatforms) = preSolution
		Debug|x64 = Debug|x64
		Debug|x86 = Debug|x86
		Release|x64 = Release|x64
		Release|x86 = Release|x86
	EndGlobalSection
	GlobalSection(ProjectConfigurationPlatforms) = postSolution
		{99646C4C-96A6-45C4-99BB-A99DB1E6E06C}.Debug|x64.ActiveCfg = Debug|x64
		{99646C4C-96A6-45C4-99BB-A99DB1E6E06C}.Debug|x64.Build.0 = Debug|x64
		{99646C4C-96A6-45C4-99BB-A99DB1E6E06C}.Debug|x86.ActiveCfg = Debug|Win32
		{99646C4C-96A6-45C4-99BB-A99DB1E6E06C}.Debug|x86.Build.0 = Debug|Win32
		{99646C4C-96A6-45C4-99BB-A99DB1E6E06C}.Release|x64.ActiveCfg = Release|x64
		{99646C4C-96A6-45C4-99BB-A99DB1E6E06C}.Release|x64.Build.0 = Release|x64
		{99646C4C-96A6-45C4-99BB-A99DB1E6E06C}.Release|x86.ActiveCfg = Release|Win32
		{99646C4C-96A6-45C4-99BB-A99DB1E6E06C}.Release|x86.Build.0 = Release|Win32
	EndGlobalSection
	GlobalSection(SolutionProperties) = preSolution
		HideSolutionNode = FALSE
	EndGlobalSection
	GlobalSection(ExtensibilityGlobals) = postSolution
		SolutionGuid = {055E971B-0278-4B60-9142-2F45A7CDDE4E}
	EndGlobalSection
EndGlobal
